
Microsoft Visual Studio Solution File, Format Version 12.00
# Visual Studio Version 17
VisualStudioVersion = 17.4.33213.308
MinimumVisualStudioVersion = 10.0.40219.1
Project("{FAE04EC0-301F-11D3-BF4B-00C04F79EFBC}") = "PracticaMVC01", "PracticaMVC01\PracticaMVC01.csproj", "{5C612034-394B-4AB6-8EF3-5EAB29B77295}"
EndProject
Global
	GlobalSection(SolutionConfigurationPlatforms) = preSolution
		Debug|Any CPU = Debug|Any CPU
		Release|Any CPU = Release|Any CPU
	EndGlobalSection
	GlobalSection(ProjectConfigurationPlatforms) = postSolution
		{5C612034-394B-4AB6-8EF3-5EAB29B77295}.Debug|Any CPU.ActiveCfg = Debug|Any CPU
		{5C612034-394B-4AB6-8EF3-5EAB29B77295}.Debug|Any CPU.Build.0 = Debug|Any CPU
		{5C612034-394B-4AB6-8EF3-5EAB29B77295}.Release|Any CPU.ActiveCfg = Release|Any CPU
		{5C612034-394B-4AB6-8EF3-5EAB29B77295}.Release|Any CPU.Build.0 = Release|Any CPU
	EndGlobalSection
	GlobalSection(SolutionProperties) = preSolution
		HideSolutionNode = FALSE
	EndGlobalSection
	GlobalSection(ExtensibilityGlobals) = postSolution
		SolutionGuid = {34375962-3F9B-4EE4-8BC6-519E21F0D033}
	EndGlobalSection
EndGlobal
